// !$*UTF8*$!
{
	archiveVersion = 1;
	classes = {
	};
	objectVersion = 55;
	objects = {

/* Begin PBXBuildFile section */
		054DD3824AB1E162B24FBAF5 /* Pods_newstest_Owen.framework in Frameworks */ = {isa = PBXBuildFile; fileRef = 190894C1D30BF3641A2A802E /* Pods_newstest_Owen.framework */; };
		7977B501279A7C6E00F2F58A /* NewsTableViewController.swift in Sources */ = {isa = PBXBuildFile; fileRef = 7977B4FF279A7C6E00F2F58A /* NewsTableViewController.swift */; };
		7977B505279A885B00F2F58A /* NewTableViewCell.swift in Sources */ = {isa = PBXBuildFile; fileRef = 7977B503279A885B00F2F58A /* NewTableViewCell.swift */; };
		7977B506279A885B00F2F58A /* NewTableViewCell.xib in Resources */ = {isa = PBXBuildFile; fileRef = 7977B504279A885B00F2F58A /* NewTableViewCell.xib */; };
		7977B508279A8F7000F2F58A /* NewsViewModel.swift in Sources */ = {isa = PBXBuildFile; fileRef = 7977B507279A8F7000F2F58A /* NewsViewModel.swift */; };
		7977B50F279A917B00F2F58A /* APIService.swift in Sources */ = {isa = PBXBuildFile; fileRef = 7977B50E279A917B00F2F58A /* APIService.swift */; };
		7977B511279A936600F2F58A /* NewsModel.swift in Sources */ = {isa = PBXBuildFile; fileRef = 7977B510279A936600F2F58A /* NewsModel.swift */; };
		79CBC1DF279A48B000FADCCA /* AppDelegate.swift in Sources */ = {isa = PBXBuildFile; fileRef = 79CBC1DE279A48B000FADCCA /* AppDelegate.swift */; };
		79CBC1E1279A48B000FADCCA /* SceneDelegate.swift in Sources */ = {isa = PBXBuildFile; fileRef = 79CBC1E0279A48B000FADCCA /* SceneDelegate.swift */; };
		79CBC1E6279A48B000FADCCA /* Main.storyboard in Resources */ = {isa = PBXBuildFile; fileRef = 79CBC1E4279A48B000FADCCA /* Main.storyboard */; };
		79CBC1E8279A48B200FADCCA /* Assets.xcassets in Resources */ = {isa = PBXBuildFile; fileRef = 79CBC1E7279A48B200FADCCA /* Assets.xcassets */; };
		79CBC1EB279A48B200FADCCA /* LaunchScreen.storyboard in Resources */ = {isa = PBXBuildFile; fileRef = 79CBC1E9279A48B200FADCCA /* LaunchScreen.storyboard */; };
/* End PBXBuildFile section */

/* Begin PBXFileReference section */
		190894C1D30BF3641A2A802E /* Pods_newstest_Owen.framework */ = {isa = PBXFileReference; explicitFileType = wrapper.framework; includeInIndex = 0; path = Pods_newstest_Owen.framework; sourceTree = BUILT_PRODUCTS_DIR; };
		3462323EE4C7FB1D5A602EE4 /* Pods-newstest_Owen.debug.xcconfig */ = {isa = PBXFileReference; includeInIndex = 1; lastKnownFileType = text.xcconfig; name = "Pods-newstest_Owen.debug.xcconfig"; path = "Target Support Files/Pods-newstest_Owen/Pods-newstest_Owen.debug.xcconfig"; sourceTree = "<group>"; };
		4D0C544C07446CD4E29DDB94 /* Pods-newstest_Owen.release.xcconfig */ = {isa = PBXFileReference; includeInIndex = 1; lastKnownFileType = text.xcconfig; name = "Pods-newstest_Owen.release.xcconfig"; path = "Target Support Files/Pods-newstest_Owen/Pods-newstest_Owen.release.xcconfig"; sourceTree = "<group>"; };
		7977B4FF279A7C6E00F2F58A /* NewsTableViewController.swift */ = {isa = PBXFileReference; lastKnownFileType = sourcecode.swift; path = NewsTableViewController.swift; sourceTree = "<group>"; };
		7977B503279A885B00F2F58A /* NewTableViewCell.swift */ = {isa = PBXFileReference; lastKnownFileType = sourcecode.swift; path = NewTableViewCell.swift; sourceTree = "<group>"; };
		7977B504279A885B00F2F58A /* NewTableViewCell.xib */ = {isa = PBXFileReference; lastKnownFileType = file.xib; path = NewTableViewCell.xib; sourceTree = "<group>"; };
		7977B507279A8F7000F2F58A /* NewsViewModel.swift */ = {isa = PBXFileReference; lastKnownFileType = sourcecode.swift; path = NewsViewModel.swift; sourceTree = "<group>"; };
		7977B50E279A917B00F2F58A /* APIService.swift */ = {isa = PBXFileReference; lastKnownFileType = sourcecode.swift; path = APIService.swift; sourceTree = "<group>"; };
		7977B510279A936600F2F58A /* NewsModel.swift */ = {isa = PBXFileReference; lastKnownFileType = sourcecode.swift; path = NewsModel.swift; sourceTree = "<group>"; };
		79CBC1DB279A48B000FADCCA /* newstest_Owen.app */ = {isa = PBXFileReference; explicitFileType = wrapper.application; includeInIndex = 0; path = newstest_Owen.app; sourceTree = BUILT_PRODUCTS_DIR; };
		79CBC1DE279A48B000FADCCA /* AppDelegate.swift */ = {isa = PBXFileReference; lastKnownFileType = sourcecode.swift; path = AppDelegate.swift; sourceTree = "<group>"; };
		79CBC1E0279A48B000FADCCA /* SceneDelegate.swift */ = {isa = PBXFileReference; lastKnownFileType = sourcecode.swift; path = SceneDelegate.swift; sourceTree = "<group>"; };
		79CBC1E5279A48B000FADCCA /* Base */ = {isa = PBXFileReference; lastKnownFileType = file.storyboard; name = Base; path = Base.lproj/Main.storyboard; sourceTree = "<group>"; };
		79CBC1E7279A48B200FADCCA /* Assets.xcassets */ = {isa = PBXFileReference; lastKnownFileType = folder.assetcatalog; path = Assets.xcassets; sourceTree = "<group>"; };
		79CBC1EA279A48B200FADCCA /* Base */ = {isa = PBXFileReference; lastKnownFileType = file.storyboard; name = Base; path = Base.lproj/LaunchScreen.storyboard; sourceTree = "<group>"; };
		79CBC1EC279A48B200FADCCA /* Info.plist */ = {isa = PBXFileReference; lastKnownFileType = text.plist.xml; path = Info.plist; sourceTree = "<group>"; };
/* End PBXFileReference section */

/* Begin PBXFrameworksBuildPhase section */
		79CBC1D8279A48B000FADCCA /* Frameworks */ = {
			isa = PBXFrameworksBuildPhase;
			buildActionMask = 2147483647;
			files = (
				054DD3824AB1E162B24FBAF5 /* Pods_newstest_Owen.framework in Frameworks */,
			);
			runOnlyForDeploymentPostprocessing = 0;
		};
/* End PBXFrameworksBuildPhase section */

/* Begin PBXGroup section */
		7977B509279A8F7D00F2F58A /* Model */ = {
			isa = PBXGroup;
			children = (
				7977B510279A936600F2F58A /* NewsModel.swift */,
			);
			path = Model;
			sourceTree = "<group>";
		};
		7977B50A279A8F8400F2F58A /* View */ = {
			isa = PBXGroup;
			children = (
				7977B50C279A8FA700F2F58A /* Cell */,
				7977B4FF279A7C6E00F2F58A /* NewsTableViewController.swift */,
				79CBC1E4279A48B000FADCCA /* Main.storyboard */,
				79CBC1E9279A48B200FADCCA /* LaunchScreen.storyboard */,
			);
			path = View;
			sourceTree = "<group>";
		};
		7977B50B279A8F9C00F2F58A /* ViewModel */ = {
			isa = PBXGroup;
			children = (
				7977B507279A8F7000F2F58A /* NewsViewModel.swift */,
			);
			path = ViewModel;
			sourceTree = "<group>";
		};
		7977B50C279A8FA700F2F58A /* Cell */ = {
			isa = PBXGroup;
			children = (
				7977B503279A885B00F2F58A /* NewTableViewCell.swift */,
				7977B504279A885B00F2F58A /* NewTableViewCell.xib */,
			);
			path = Cell;
			sourceTree = "<group>";
		};
		7977B50D279A90F100F2F58A /* Networking */ = {
			isa = PBXGroup;
			children = (
				7977B50E279A917B00F2F58A /* APIService.swift */,
			);
			path = Networking;
			sourceTree = "<group>";
		};
		79CBC1D2279A48B000FADCCA = {
			isa = PBXGroup;
			children = (
				79CBC1DD279A48B000FADCCA /* newstest_Owen */,
				79CBC1DC279A48B000FADCCA /* Products */,
				841D7AB58DC9A04D25467456 /* Pods */,
				9D310598630A946C81868731 /* Frameworks */,
			);
			sourceTree = "<group>";
		};
		79CBC1DC279A48B000FADCCA /* Products */ = {
			isa = PBXGroup;
			children = (
				79CBC1DB279A48B000FADCCA /* newstest_Owen.app */,
			);
			name = Products;
			sourceTree = "<group>";
		};
		79CBC1DD279A48B000FADCCA /* newstest_Owen */ = {
			isa = PBXGroup;
			children = (
				7977B50D279A90F100F2F58A /* Networking */,
				7977B509279A8F7D00F2F58A /* Model */,
				7977B50A279A8F8400F2F58A /* View */,
				7977B50B279A8F9C00F2F58A /* ViewModel */,
				79CBC1DE279A48B000FADCCA /* AppDelegate.swift */,
				79CBC1E0279A48B000FADCCA /* SceneDelegate.swift */,
				79CBC1E7279A48B200FADCCA /* Assets.xcassets */,
				79CBC1EC279A48B200FADCCA /* Info.plist */,
			);
			path = newstest_Owen;
			sourceTree = "<group>";
		};
		841D7AB58DC9A04D25467456 /* Pods */ = {
			isa = PBXGroup;
			children = (
				3462323EE4C7FB1D5A602EE4 /* Pods-newstest_Owen.debug.xcconfig */,
				4D0C544C07446CD4E29DDB94 /* Pods-newstest_Owen.release.xcconfig */,
			);
			path = Pods;
			sourceTree = "<group>";
		};
		9D310598630A946C81868731 /* Frameworks */ = {
			isa = PBXGroup;
			children = (
				190894C1D30BF3641A2A802E /* Pods_newstest_Owen.framework */,
			);
			name = Frameworks;
			sourceTree = "<group>";
		};
/* End PBXGroup section */

/* Begin PBXNativeTarget section */
		79CBC1DA279A48B000FADCCA /* newstest_Owen */ = {
			isa = PBXNativeTarget;
			buildConfigurationList = 79CBC1EF279A48B200FADCCA /* Build configuration list for PBXNativeTarget "newstest_Owen" */;
			buildPhases = (
				294A5605E59C0193D0804F3D /* [CP] Check Pods Manifest.lock */,
				79CBC1D7279A48B000FADCCA /* Sources */,
				79CBC1D8279A48B000FADCCA /* Frameworks */,
				79CBC1D9279A48B000FADCCA /* Resources */,
				70987BF5983D9C5A292808A9 /* [CP] Embed Pods Frameworks */,
			);
			buildRules = (
			);
			dependencies = (
			);
			name = newstest_Owen;
			productName = newstest_Owen;
			productReference = 79CBC1DB279A48B000FADCCA /* newstest_Owen.app */;
			productType = "com.apple.product-type.application";
		};
/* End PBXNativeTarget section */

/* Begin PBXProject section */
		79CBC1D3279A48B000FADCCA /* Project object */ = {
			isa = PBXProject;
			attributes = {
				BuildIndependentTargetsInParallel = 1;
				LastSwiftUpdateCheck = 1300;
				LastUpgradeCheck = 1300;
				TargetAttributes = {
					79CBC1DA279A48B000FADCCA = {
						CreatedOnToolsVersion = 13.0;
					};
				};
			};
			buildConfigurationList = 79CBC1D6279A48B000FADCCA /* Build configuration list for PBXProject "newstest_Owen" */;
			compatibilityVersion = "Xcode 13.0";
			developmentRegion = en;
			hasScannedForEncodings = 0;
			knownRegions = (
				en,
				Base,
			);
			mainGroup = 79CBC1D2279A48B000FADCCA;
			productRefGroup = 79CBC1DC279A48B000FADCCA /* Products */;
			projectDirPath = "";
			projectRoot = "";
			targets = (
				79CBC1DA279A48B000FADCCA /* newstest_Owen */,
			);
		};
/* End PBXProject section */

/* Begin PBXResourcesBuildPhase section */
		79CBC1D9279A48B000FADCCA /* Resources */ = {
			isa = PBXResourcesBuildPhase;
			buildActionMask = 2147483647;
			files = (
				79CBC1EB279A48B200FADCCA /* LaunchScreen.storyboard in Resources */,
				79CBC1E8279A48B200FADCCA /* Assets.xcassets in Resources */,
				7977B506279A885B00F2F58A /* NewTableViewCell.xib in Resources */,
				79CBC1E6279A48B000FADCCA /* Main.storyboard in Resources */,
			);
			runOnlyForDeploymentPostprocessing = 0;
		};
/* End PBXResourcesBuildPhase section */

/* Begin PBXShellScriptBuildPhase section */
		294A5605E59C0193D0804F3D /* [CP] Check Pods Manifest.lock */ = {
			isa = PBXShellScriptBuildPhase;
			buildActionMask = 2147483647;
			files = (
			);
			inputFileListPaths = (
			);
			inputPaths = (
				"${PODS_PODFILE_DIR_PATH}/Podfile.lock",
				"${PODS_ROOT}/Manifest.lock",
			);
			name = "[CP] Check Pods Manifest.lock";
			outputFileListPaths = (
			);
			outputPaths = (
				"$(DERIVED_FILE_DIR)/Pods-newstest_Owen-checkManifestLockResult.txt",
			);
			runOnlyForDeploymentPostprocessing = 0;
			shellPath = /bin/sh;
			shellScript = "diff \"${PODS_PODFILE_DIR_PATH}/Podfile.lock\" \"${PODS_ROOT}/Manifest.lock\" > /dev/null\nif [ $? != 0 ] ; then\n    # print error to STDERR\n    echo \"error: The sandbox is not in sync with the Podfile.lock. Run 'pod install' or update your CocoaPods installation.\" >&2\n    exit 1\nfi\n# This output is used by Xcode 'outputs' to avoid re-running this script phase.\necho \"SUCCESS\" > \"${SCRIPT_OUTPUT_FILE_0}\"\n";
			showEnvVarsInLog = 0;
		};
		70987BF5983D9C5A292808A9 /* [CP] Embed Pods Frameworks */ = {
			isa = PBXShellScriptBuildPhase;
			buildActionMask = 2147483647;
			files = (
			);
			inputFileListPaths = (
				"${PODS_ROOT}/Target Support Files/Pods-newstest_Owen/Pods-newstest_Owen-frameworks-${CONFIGURATION}-input-files.xcfilelist",
			);
			name = "[CP] Embed Pods Frameworks";
			outputFileListPaths = (
				"${PODS_ROOT}/Target Support Files/Pods-newstest_Owen/Pods-newstest_Owen-frameworks-${CONFIGURATION}-output-files.xcfilelist",
			);
			runOnlyForDeploymentPostprocessing = 0;
			shellPath = /bin/sh;
			shellScript = "\"${PODS_ROOT}/Target Support Files/Pods-newstest_Owen/Pods-newstest_Owen-frameworks.sh\"\n";
			showEnvVarsInLog = 0;
		};
/* End PBXShellScriptBuildPhase section */

/* Begin PBXSourcesBuildPhase section */
		79CBC1D7279A48B000FADCCA /* Sources */ = {
			isa = PBXSourcesBuildPhase;
			buildActionMask = 2147483647;
			files = (
				7977B511279A936600F2F58A /* NewsModel.swift in Sources */,
				7977B501279A7C6E00F2F58A /* NewsTableViewController.swift in Sources */,
				7977B508279A8F7000F2F58A /* NewsViewModel.swift in Sources */,
				7977B505279A885B00F2F58A /* NewTableViewCell.swift in Sources */,
				79CBC1DF279A48B000FADCCA /* AppDelegate.swift in Sources */,
				7977B50F279A917B00F2F58A /* APIService.swift in Sources */,
				79CBC1E1279A48B000FADCCA /* SceneDelegate.swift in Sources */,
			);
			runOnlyForDeploymentPostprocessing = 0;
		};
/* End PBXSourcesBuildPhase section */

/* Begin PBXVariantGroup section */
		79CBC1E4279A48B000FADCCA /* Main.storyboard */ = {
			isa = PBXVariantGroup;
			children = (
				79CBC1E5279A48B000FADCCA /* Base */,
			);
			name = Main.storyboard;
			sourceTree = "<group>";
		};
		79CBC1E9279A48B200FADCCA /* LaunchScreen.storyboard */ = {
			isa = PBXVariantGroup;
			children = (
				79CBC1EA279A48B200FADCCA /* Base */,
			);
			name = LaunchScreen.storyboard;
			sourceTree = "<group>";
		};
/* End PBXVariantGroup section */

/* Begin XCBuildConfiguration section */
		79CBC1ED279A48B200FADCCA /* Debug */ = {
			isa = XCBuildConfiguration;
			buildSettings = {
				ALWAYS_SEARCH_USER_PATHS = NO;
				CLANG_ANALYZER_NONNULL = YES;
				CLANG_ANALYZER_NUMBER_OBJECT_CONVERSION = YES_AGGRESSIVE;
				CLANG_CXX_LANGUAGE_STANDARD = "gnu++17";
				CLANG_CXX_LIBRARY = "libc++";
				CLANG_ENABLE_MODULES = YES;
				CLANG_ENABLE_OBJC_ARC = YES;
				CLANG_ENABLE_OBJC_WEAK = YES;
				CLANG_WARN_BLOCK_CAPTURE_AUTORELEASING = YES;
				CLANG_WARN_BOOL_CONVERSION = YES;
				CLANG_WARN_COMMA = YES;
				CLANG_WARN_CONSTANT_CONVERSION = YES;
				CLANG_WARN_DEPRECATED_OBJC_IMPLEMENTATIONS = YES;
				CLANG_WARN_DIRECT_OBJC_ISA_USAGE = YES_ERROR;
				CLANG_WARN_DOCUMENTATION_COMMENTS = YES;
				CLANG_WARN_EMPTY_BODY = YES;
				CLANG_WARN_ENUM_CONVERSION = YES;
				CLANG_WARN_INFINITE_RECURSION = YES;
				CLANG_WARN_INT_CONVERSION = YES;
				CLANG_WARN_NON_LITERAL_NULL_CONVERSION = YES;
				CLANG_WARN_OBJC_IMPLICIT_RETAIN_SELF = YES;
				CLANG_WARN_OBJC_LITERAL_CONVERSION = YES;
				CLANG_WARN_OBJC_ROOT_CLASS = YES_ERROR;
				CLANG_WARN_QUOTED_INCLUDE_IN_FRAMEWORK_HEADER = YES;
				CLANG_WARN_RANGE_LOOP_ANALYSIS = YES;
				CLANG_WARN_STRICT_PROTOTYPES = YES;
				CLANG_WARN_SUSPICIOUS_MOVE = YES;
				CLANG_WARN_UNGUARDED_AVAILABILITY = YES_AGGRESSIVE;
				CLANG_WARN_UNREACHABLE_CODE = YES;
				CLANG_WARN__DUPLICATE_METHOD_MATCH = YES;
				COPY_PHASE_STRIP = NO;
				DEBUG_INFORMATION_FORMAT = dwarf;
				ENABLE_STRICT_OBJC_MSGSEND = YES;
				ENABLE_TESTABILITY = YES;
				GCC_C_LANGUAGE_STANDARD = gnu11;
				GCC_DYNAMIC_NO_PIC = NO;
				GCC_NO_COMMON_BLOCKS = YES;
				GCC_OPTIMIZATION_LEVEL = 0;
				GCC_PREPROCESSOR_DEFINITIONS = (
					"DEBUG=1",
					"$(inherited)",
				);
				GCC_WARN_64_TO_32_BIT_CONVERSION = YES;
				GCC_WARN_ABOUT_RETURN_TYPE = YES_ERROR;
				GCC_WARN_UNDECLARED_SELECTOR = YES;
				GCC_WARN_UNINITIALIZED_AUTOS = YES_AGGRESSIVE;
				GCC_WARN_UNUSED_FUNCTION = YES;
				GCC_WARN_UNUSED_VARIABLE = YES;
				IPHONEOS_DEPLOYMENT_TARGET = 15.0;
				MTL_ENABLE_DEBUG_INFO = INCLUDE_SOURCE;
				MTL_FAST_MATH = YES;
				ONLY_ACTIVE_ARCH = YES;
				SDKROOT = iphoneos;
				SWIFT_ACTIVE_COMPILATION_CONDITIONS = DEBUG;
				SWIFT_OPTIMIZATION_LEVEL = "-Onone";
			};
			name = Debug;
		};
		79CBC1EE279A48B200FADCCA /* Release */ = {
			isa = XCBuildConfiguration;
			buildSettings = {
				ALWAYS_SEARCH_USER_PATHS = NO;
				CLANG_ANALYZER_NONNULL = YES;
				CLANG_ANALYZER_NUMBER_OBJECT_CONVERSION = YES_AGGRESSIVE;
				CLANG_CXX_LANGUAGE_STANDARD = "gnu++17";
				CLANG_CXX_LIBRARY = "libc++";
				CLANG_ENABLE_MODULES = YES;
				CLANG_ENABLE_OBJC_ARC = YES;
				CLANG_ENABLE_OBJC_WEAK = YES;
				CLANG_WARN_BLOCK_CAPTURE_AUTORELEASING = YES;
				CLANG_WARN_BOOL_CONVERSION = YES;
				CLANG_WARN_COMMA = YES;
				CLANG_WARN_CONSTANT_CONVERSION = YES;
				CLANG_WARN_DEPRECATED_OBJC_IMPLEMENTATIONS = YES;
				CLANG_WARN_DIRECT_OBJC_ISA_USAGE = YES_ERROR;
				CLANG_WARN_DOCUMENTATION_COMMENTS = YES;
				CLANG_WARN_EMPTY_BODY = YES;
				CLANG_WARN_ENUM_CONVERSION = YES;
				CLANG_WARN_INFINITE_RECURSION = YES;
				CLANG_WARN_INT_CONVERSION = YES;
				CLANG_WARN_NON_LITERAL_NULL_CONVERSION = YES;
				CLANG_WARN_OBJC_IMPLICIT_RETAIN_SELF = YES;
				CLANG_WARN_OBJC_LITERAL_CONVERSION = YES;
				CLANG_WARN_OBJC_ROOT_CLASS = YES_ERROR;
				CLANG_WARN_QUOTED_INCLUDE_IN_FRAMEWORK_HEADER = YES;
				CLANG_WARN_RANGE_LOOP_ANALYSIS = YES;
				CLANG_WARN_STRICT_PROTOTYPES = YES;
				CLANG_WARN_SUSPICIOUS_MOVE = YES;
				CLANG_WARN_UNGUARDED_AVAILABILITY = YES_AGGRESSIVE;
				CLANG_WARN_UNREACHABLE_CODE = YES;
				CLANG_WARN__DUPLICATE_METHOD_MATCH = YES;
				COPY_PHASE_STRIP = NO;
				DEBUG_INFORMATION_FORMAT = "dwarf-with-dsym";
				ENABLE_NS_ASSERTIONS = NO;
				ENABLE_STRICT_OBJC_MSGSEND = YES;
				GCC_C_LANGUAGE_STANDARD = gnu11;
				GCC_NO_COMMON_BLOCKS = YES;
				GCC_WARN_64_TO_32_BIT_CONVERSION = YES;
				GCC_WARN_ABOUT_RETURN_TYPE = YES_ERROR;
				GCC_WARN_UNDECLARED_SELECTOR = YES;
				GCC_WARN_UNINITIALIZED_AUTOS = YES_AGGRESSIVE;
				GCC_WARN_UNUSED_FUNCTION = YES;
				GCC_WARN_UNUSED_VARIABLE = YES;
				IPHONEOS_DEPLOYMENT_TARGET = 15.0;
				MTL_ENABLE_DEBUG_INFO = NO;
				MTL_FAST_MATH = YES;
				SDKROOT = iphoneos;
				SWIFT_COMPILATION_MODE = wholemodule;
				SWIFT_OPTIMIZATION_LEVEL = "-O";
				VALIDATE_PRODUCT = YES;
			};
			name = Release;
		};
		79CBC1F0279A48B200FADCCA /* Debug */ = {
			isa = XCBuildConfiguration;
			baseConfigurationReference = 3462323EE4C7FB1D5A602EE4 /* Pods-newstest_Owen.debug.xcconfig */;
			buildSettings = {
				ASSETCATALOG_COMPILER_APPICON_NAME = AppIcon;
				ASSETCATALOG_COMPILER_GLOBAL_ACCENT_COLOR_NAME = AccentColor;
				CODE_SIGN_IDENTITY = "Apple Development";
				CODE_SIGN_STYLE = Automatic;
				CURRENT_PROJECT_VERSION = 1;
				DEVELOPMENT_TEAM = 7QN4P34VRJ;
				GENERATE_INFOPLIST_FILE = YES;
				INFOPLIST_FILE = newstest_Owen/Info.plist;
				INFOPLIST_KEY_UIApplicationSupportsIndirectInputEvents = YES;
				INFOPLIST_KEY_UILaunchStoryboardName = LaunchScreen;
				INFOPLIST_KEY_UIMainStoryboardFile = Main;
				INFOPLIST_KEY_UISupportedInterfaceOrientations_iPad = "UIInterfaceOrientationPortrait UIInterfaceOrientationPortraitUpsideDown UIInterfaceOrientationLandscapeLeft UIInterfaceOrientationLandscapeRight";
				INFOPLIST_KEY_UISupportedInterfaceOrientations_iPhone = "UIInterfaceOrientationPortrait UIInterfaceOrientationLandscapeLeft UIInterfaceOrientationLandscapeRight";
				IPHONEOS_DEPLOYMENT_TARGET = 15.0;
				LD_RUNPATH_SEARCH_PATHS = (
					"$(inherited)",
					"@executable_path/Frameworks",
				);
				MARKETING_VERSION = 1.0;
				PRODUCT_BUNDLE_IDENTIFIER = "owenkao.newstest-Owen";
				PRODUCT_NAME = "$(TARGET_NAME)";
				PROVISIONING_PROFILE_SPECIFIER = "";
				SWIFT_EMIT_LOC_STRINGS = YES;
				SWIFT_VERSION = 5.0;
				TARGETED_DEVICE_FAMILY = 1;
			};
			name = Debug;
		};
		79CBC1F1279A48B200FADCCA /* Release */ = {
			isa = XCBuildConfiguration;
			baseConfigurationReference = 4D0C544C07446CD4E29DDB94 /* Pods-newstest_Owen.release.xcconfig */;
			buildSettings = {
				ASSETCATALOG_COMPILER_APPICON_NAME = AppIcon;
				ASSETCATALOG_COMPILER_GLOBAL_ACCENT_COLOR_NAME = AccentColor;
				CODE_SIGN_IDENTITY = "Apple Development";
				CODE_SIGN_STYLE = Automatic;
				CURRENT_PROJECT_VERSION = 1;
				DEVELOPMENT_TEAM = 7QN4P34VRJ;
				GENERATE_INFOPLIST_FILE = YES;
				INFOPLIST_FILE = newstest_Owen/Info.plist;
				INFOPLIST_KEY_UIApplicationSupportsIndirectInputEvents = YES;
				INFOPLIST_KEY_UILaunchStoryboardName = LaunchScreen;
				INFOPLIST_KEY_UIMainStoryboardFile = Main;
				INFOPLIST_KEY_UISupportedInterfaceOrientations_iPad = "UIInterfaceOrientationPortrait UIInterfaceOrientationPortraitUpsideDown UIInterfaceOrientationLandscapeLeft UIInterfaceOrientationLandscapeRight";
				INFOPLIST_KEY_UISupportedInterfaceOrientations_iPhone = "UIInterfaceOrientationPortrait UIInterfaceOrientationLandscapeLeft UIInterfaceOrientationLandscapeRight";
				IPHONEOS_DEPLOYMENT_TARGET = 15.0;
				LD_RUNPATH_SEARCH_PATHS = (
					"$(inherited)",
					"@executable_path/Frameworks",
				);
				MARKETING_VERSION = 1.0;
				PRODUCT_BUNDLE_IDENTIFIER = "owenkao.newstest-Owen";
				PRODUCT_NAME = "$(TARGET_NAME)";
				PROVISIONING_PROFILE_SPECIFIER = "";
				SWIFT_EMIT_LOC_STRINGS = YES;
				SWIFT_VERSION = 5.0;
				TARGETED_DEVICE_FAMILY = 1;
			};
			name = Release;
		};
/* End XCBuildConfiguration section */

/* Begin XCConfigurationList section */
		79CBC1D6279A48B000FADCCA /* Build configuration list for PBXProject "newstest_Owen" */ = {
			isa = XCConfigurationList;
			buildConfigurations = (
				79CBC1ED279A48B200FADCCA /* Debug */,
				79CBC1EE279A48B200FADCCA /* Release */,
			);
			defaultConfigurationIsVisible = 0;
			defaultConfigurationName = Release;
		};
		79CBC1EF279A48B200FADCCA /* Build configuration list for PBXNativeTarget "newstest_Owen" */ = {
			isa = XCConfigurationList;
			buildConfigurations = (
				79CBC1F0279A48B200FADCCA /* Debug */,
				79CBC1F1279A48B200FADCCA /* Release */,
			);
			defaultConfigurationIsVisible = 0;
			defaultConfigurationName = Release;
		};
/* End XCConfigurationList section */
	};
	rootObject = 79CBC1D3279A48B000FADCCA /* Project object */;
}
